{
  "lockfileVersion": 1,
  "configVersion": 1,
  "workspaces": {
    "": {
      "name": "@rosso/workbench",
      "dependencies": {
        "zod": "4.4.3",
      },
      "devDependencies": {
        "@playwright/cli": "0.1.18",
        "@types/bun": "latest",
        "typescript": "5.9.3",
      },
    },
  },
  "packages": {
    "@playwright/cli": ["@playwright/cli@0.1.18", "", { "dependencies": { "playwright": "1.63.0-alpha-2026-08-05", "playwright-core": "1.63.0-alpha-2026-08-05" }, "bin": { "playwright-cli": "playwright-cli.js" } }, "sha512-ggNfYYH+GsZTGUiBEL8f6N5j0seYEUE52v+fIWqK/A36QG36cL0EJ79qWTXYO2uZMUU7vm+jk3x0fKCPL6UuIw=="],

    "@types/bun": ["@types/bun@1.3.14", "", { "dependencies": { "bun-types": "1.3.14" } }, "sha512-h1hFqFVcvAvD9j9K7ZW7vd82aSA+rTdznZa+5bwvCwqSB1jmmfLcbIWhOLx1/+boy/xmjgCs/OMUL8hRJSmnPw=="],

    "@types/node": ["@types/node@26.1.1", "", { "dependencies": { "undici-types": "~8.3.0" } }, "sha512-nxAkRSVkN1Y0JC1W8ky/fTfkGsMmcrRsbx+3XoZE+rMOX71kLYTV7fLXpqud1GpbpP5TuffXFqfX7fH2GgZREw=="],

    "bun-types": ["bun-types@1.3.14", "", { "dependencies": { "@types/node": "*" } }, "sha512-4N0ig0fEomHt5R0KCFWjovxow98rIoRwKolrYdCcknNwMekCXRnWEUvgu5soYV8QXtVsrUD8B95MBOZGPvr6KQ=="],

    "fsevents": ["fsevents@2.3.2", "", { "os": "darwin" }, "sha512-xiqMQR4xAeHTuB9uWm+fFRcIOgKBMiOBP+eXiyT7jsgVCq1bkVygt00oASowB7EdtpOHaaPgKt812P9ab+DDKA=="],

    "playwright": ["playwright@1.63.0-alpha-2026-08-05", "", { "dependencies": { "playwright-core": "1.63.0-alpha-2026-08-05" }, "optionalDependencies": { "fsevents": "2.3.2" }, "bin": { "playwright": "cli.js" } }, "sha512-zbGZUK+JYkoDV3cUgfvh2czTBJL34Gmz5gHVI25xiIpvYSR17Q1M7TS8hnwECUe+IkKaeXbKrSyJTyogm2DVWw=="],

    "playwright-core": ["playwright-core@1.63.0-alpha-2026-08-05", "", { "bin": { "playwright-core": "cli.js" } }, "sha512-YussvUybTfBtyYbGXWh43f+5kNP03wg98M6mu4DphYET7PSbNVajsdLGjWE1xrsjqOw32i2wFlRP7U5mcOpMZg=="],

    "typescript": ["typescript@5.9.3", "", { "bin": { "tsc": "bin/tsc", "tsserver": "bin/tsserver" } }, "sha512-jl1vZzPDinLr9eUt3J/t7V6FgNEw9QjvBPdysz9KfQDD41fQrC2Y4vKQdiaUpFT4bXlb1RHhLpp8wtm6M5TgSw=="],

    "undici-types": ["undici-types@8.3.0", "", {}, "sha512-j375ScV60dom+YkPFIfTLcOiPxkN/buHz5GobjLhixFuANaNs3C9l4GmrWqejgXWJ7BbJcFYpTEUkS1Ge8bpZQ=="],

    "zod": ["zod@4.4.3", "", {}, "sha512-ytENFjIJFl2UwYglde2jchW2Hwm4GJFLDiSXWdTrJQBIN9Fcyp7n4DhxJEiWNAJMV1/BqWfW/kkg71UDcHJyTQ=="],
  }
}
